// !$*UTF8*$!
{
	archiveVersion = 1;
	classes = {
	};
	objectVersion = 50;
	objects = {

/* Begin PBXBuildFile section */
		CF8DCF692695596900E6A0E4 /* AppDelegate.swift in Sources */ = {isa = PBXBuildFile; fileRef = CF8DCF682695596900E6A0E4 /* AppDelegate.swift */; };
		CF8DCF6B2695596900E6A0E4 /* SceneDelegate.swift in Sources */ = {isa = PBXBuildFile; fileRef = CF8DCF6A2695596900E6A0E4 /* SceneDelegate.swift */; };
		CF8DCF6D2695596900E6A0E4 /* ViewController.swift in Sources */ = {isa = PBXBuildFile; fileRef = CF8DCF6C2695596900E6A0E4 /* ViewController.swift */; };
		CF8DCF702695596900E6A0E4 /* Main.storyboard in Resources */ = {isa = PBXBuildFile; fileRef = CF8DCF6E2695596900E6A0E4 /* Main.storyboard */; };
		CF8DCF722695596A00E6A0E4 /* Assets.xcassets in Resources */ = {isa = PBXBuildFile; fileRef = CF8DCF712695596A00E6A0E4 /* Assets.xcassets */; };
		CF8DCF752695596A00E6A0E4 /* LaunchScreen.storyboard in Resources */ = {isa = PBXBuildFile; fileRef = CF8DCF732695596A00E6A0E4 /* LaunchScreen.storyboard */; };
		CF8DCF832695627700E6A0E4 /* MainTabController.swift in Sources */ = {isa = PBXBuildFile; fileRef = CF8DCF822695627700E6A0E4 /* MainTabController.swift */; };
		CF8DCF852695679200E6A0E4 /* ProfileController.swift in Sources */ = {isa = PBXBuildFile; fileRef = CF8DCF842695679200E6A0E4 /* ProfileController.swift */; };
		CF8DCF87269567A500E6A0E4 /* NotificationsController.swift in Sources */ = {isa = PBXBuildFile; fileRef = CF8DCF86269567A500E6A0E4 /* NotificationsController.swift */; };
		CF8DCF89269567BB00E6A0E4 /* ImageSelectorController.swift in Sources */ = {isa = PBXBuildFile; fileRef = CF8DCF88269567BB00E6A0E4 /* ImageSelectorController.swift */; };
		CF8DCF8B269567C900E6A0E4 /* SearchController.swift in Sources */ = {isa = PBXBuildFile; fileRef = CF8DCF8A269567C900E6A0E4 /* SearchController.swift */; };
		CF8DCF8D269567DA00E6A0E4 /* FeedController.swift in Sources */ = {isa = PBXBuildFile; fileRef = CF8DCF8C269567DA00E6A0E4 /* FeedController.swift */; };
		CF8DCF8F269685C700E6A0E4 /* FeedCell.swift in Sources */ = {isa = PBXBuildFile; fileRef = CF8DCF8E269685C700E6A0E4 /* FeedCell.swift */; };
		CF8DCF912696872E00E6A0E4 /* Extensions.swift in Sources */ = {isa = PBXBuildFile; fileRef = CF8DCF902696872E00E6A0E4 /* Extensions.swift */; };
		CF8DCF942696B2A900E6A0E4 /* LoginController.swift in Sources */ = {isa = PBXBuildFile; fileRef = CF8DCF932696B2A900E6A0E4 /* LoginController.swift */; };
		CF8DCF962696B2BC00E6A0E4 /* RegistrationController.swift in Sources */ = {isa = PBXBuildFile; fileRef = CF8DCF952696B2BC00E6A0E4 /* RegistrationController.swift */; };
/* End PBXBuildFile section */

/* Begin PBXFileReference section */
		CF8DCF652695596900E6A0E4 /* InstagramFirestoreTutorial.app */ = {isa = PBXFileReference; explicitFileType = wrapper.application; includeInIndex = 0; path = InstagramFirestoreTutorial.app; sourceTree = BUILT_PRODUCTS_DIR; };
		CF8DCF682695596900E6A0E4 /* AppDelegate.swift */ = {isa = PBXFileReference; lastKnownFileType = sourcecode.swift; path = AppDelegate.swift; sourceTree = "<group>"; };
		CF8DCF6A2695596900E6A0E4 /* SceneDelegate.swift */ = {isa = PBXFileReference; lastKnownFileType = sourcecode.swift; path = SceneDelegate.swift; sourceTree = "<group>"; };
		CF8DCF6C2695596900E6A0E4 /* ViewController.swift */ = {isa = PBXFileReference; lastKnownFileType = sourcecode.swift; path = ViewController.swift; sourceTree = "<group>"; };
		CF8DCF6F2695596900E6A0E4 /* Base */ = {isa = PBXFileReference; lastKnownFileType = file.storyboard; name = Base; path = Base.lproj/Main.storyboard; sourceTree = "<group>"; };
		CF8DCF712695596A00E6A0E4 /* Assets.xcassets */ = {isa = PBXFileReference; lastKnownFileType = folder.assetcatalog; path = Assets.xcassets; sourceTree = "<group>"; };
		CF8DCF742695596A00E6A0E4 /* Base */ = {isa = PBXFileReference; lastKnownFileType = file.storyboard; name = Base; path = Base.lproj/LaunchScreen.storyboard; sourceTree = "<group>"; };
		CF8DCF762695596A00E6A0E4 /* Info.plist */ = {isa = PBXFileReference; lastKnownFileType = text.plist.xml; path = Info.plist; sourceTree = "<group>"; };
		CF8DCF822695627700E6A0E4 /* MainTabController.swift */ = {isa = PBXFileReference; lastKnownFileType = sourcecode.swift; path = MainTabController.swift; sourceTree = "<group>"; };
		CF8DCF842695679200E6A0E4 /* ProfileController.swift */ = {isa = PBXFileReference; lastKnownFileType = sourcecode.swift; path = ProfileController.swift; sourceTree = "<group>"; };
		CF8DCF86269567A500E6A0E4 /* NotificationsController.swift */ = {isa = PBXFileReference; lastKnownFileType = sourcecode.swift; path = NotificationsController.swift; sourceTree = "<group>"; };
		CF8DCF88269567BB00E6A0E4 /* ImageSelectorController.swift */ = {isa = PBXFileReference; lastKnownFileType = sourcecode.swift; path = ImageSelectorController.swift; sourceTree = "<group>"; };
		CF8DCF8A269567C900E6A0E4 /* SearchController.swift */ = {isa = PBXFileReference; lastKnownFileType = sourcecode.swift; path = SearchController.swift; sourceTree = "<group>"; };
		CF8DCF8C269567DA00E6A0E4 /* FeedController.swift */ = {isa = PBXFileReference; lastKnownFileType = sourcecode.swift; path = FeedController.swift; sourceTree = "<group>"; };
		CF8DCF8E269685C700E6A0E4 /* FeedCell.swift */ = {isa = PBXFileReference; lastKnownFileType = sourcecode.swift; path = FeedCell.swift; sourceTree = "<group>"; };
		CF8DCF902696872E00E6A0E4 /* Extensions.swift */ = {isa = PBXFileReference; lastKnownFileType = sourcecode.swift; path = Extensions.swift; sourceTree = "<group>"; };
		CF8DCF932696B2A900E6A0E4 /* LoginController.swift */ = {isa = PBXFileReference; lastKnownFileType = sourcecode.swift; path = LoginController.swift; sourceTree = "<group>"; };
		CF8DCF952696B2BC00E6A0E4 /* RegistrationController.swift */ = {isa = PBXFileReference; lastKnownFileType = sourcecode.swift; path = RegistrationController.swift; sourceTree = "<group>"; };
/* End PBXFileReference section */

/* Begin PBXFrameworksBuildPhase section */
		CF8DCF622695596900E6A0E4 /* Frameworks */ = {
			isa = PBXFrameworksBuildPhase;
			buildActionMask = 2147483647;
			files = (
			);
			runOnlyForDeploymentPostprocessing = 0;
		};
/* End PBXFrameworksBuildPhase section */

/* Begin PBXGroup section */
		CF8DCF5C2695596900E6A0E4 = {
			isa = PBXGroup;
			children = (
				CF8DCF672695596900E6A0E4 /* InstagramFirestoreTutorial */,
				CF8DCF662695596900E6A0E4 /* Products */,
			);
			sourceTree = "<group>";
		};
		CF8DCF662695596900E6A0E4 /* Products */ = {
			isa = PBXGroup;
			children = (
				CF8DCF652695596900E6A0E4 /* InstagramFirestoreTutorial.app */,
			);
			name = Products;
			sourceTree = "<group>";
		};
		CF8DCF672695596900E6A0E4 /* InstagramFirestoreTutorial */ = {
			isa = PBXGroup;
			children = (
				CF8DCF8126955A0B00E6A0E4 /* Model */,
				CF8DCF8026955A0400E6A0E4 /* VIew */,
				CF8DCF7F269559FC00E6A0E4 /* ViewModel */,
				CF8DCF7E269559ED00E6A0E4 /* Controller */,
				CF8DCF7D269559E500E6A0E4 /* API */,
				CF8DCF7C269559D500E6A0E4 /* Utils */,
				CF8DCF682695596900E6A0E4 /* AppDelegate.swift */,
				CF8DCF6A2695596900E6A0E4 /* SceneDelegate.swift */,
				CF8DCF6C2695596900E6A0E4 /* ViewController.swift */,
				CF8DCF6E2695596900E6A0E4 /* Main.storyboard */,
				CF8DCF712695596A00E6A0E4 /* Assets.xcassets */,
				CF8DCF732695596A00E6A0E4 /* LaunchScreen.storyboard */,
				CF8DCF762695596A00E6A0E4 /* Info.plist */,
			);
			path = InstagramFirestoreTutorial;
			sourceTree = "<group>";
		};
		CF8DCF7C269559D500E6A0E4 /* Utils */ = {
			isa = PBXGroup;
			children = (
				CF8DCF902696872E00E6A0E4 /* Extensions.swift */,
			);
			path = Utils;
			sourceTree = "<group>";
		};
		CF8DCF7D269559E500E6A0E4 /* API */ = {
			isa = PBXGroup;
			children = (
			);
			path = API;
			sourceTree = "<group>";
		};
		CF8DCF7E269559ED00E6A0E4 /* Controller */ = {
			isa = PBXGroup;
			children = (
				CF8DCF922696B29300E6A0E4 /* Authentication */,
				CF8DCF822695627700E6A0E4 /* MainTabController.swift */,
				CF8DCF8C269567DA00E6A0E4 /* FeedController.swift */,
				CF8DCF8A269567C900E6A0E4 /* SearchController.swift */,
				CF8DCF88269567BB00E6A0E4 /* ImageSelectorController.swift */,
				CF8DCF86269567A500E6A0E4 /* NotificationsController.swift */,
				CF8DCF842695679200E6A0E4 /* ProfileController.swift */,
			);
			path = Controller;
			sourceTree = "<group>";
		};
		CF8DCF7F269559FC00E6A0E4 /* ViewModel */ = {
			isa = PBXGroup;
			children = (
			);
			path = ViewModel;
			sourceTree = "<group>";
		};
		CF8DCF8026955A0400E6A0E4 /* VIew */ = {
			isa = PBXGroup;
			children = (
				CF8DCF8E269685C700E6A0E4 /* FeedCell.swift */,
			);
			path = VIew;
			sourceTree = "<group>";
		};
		CF8DCF8126955A0B00E6A0E4 /* Model */ = {
			isa = PBXGroup;
			children = (
			);
			path = Model;
			sourceTree = "<group>";
		};
		CF8DCF922696B29300E6A0E4 /* Authentication */ = {
			isa = PBXGroup;
			children = (
				CF8DCF932696B2A900E6A0E4 /* LoginController.swift */,
				CF8DCF952696B2BC00E6A0E4 /* RegistrationController.swift */,
			);
			path = Authentication;
			sourceTree = "<group>";
		};
/* End PBXGroup section */

/* Begin PBXNativeTarget section */
		CF8DCF642695596900E6A0E4 /* InstagramFirestoreTutorial */ = {
			isa = PBXNativeTarget;
			buildConfigurationList = CF8DCF792695596A00E6A0E4 /* Build configuration list for PBXNativeTarget "InstagramFirestoreTutorial" */;
			buildPhases = (
				CF8DCF612695596900E6A0E4 /* Sources */,
				CF8DCF622695596900E6A0E4 /* Frameworks */,
				CF8DCF632695596900E6A0E4 /* Resources */,
			);
			buildRules = (
			);
			dependencies = (
			);
			name = InstagramFirestoreTutorial;
			productName = InstagramFirestoreTutorial;
			productReference = CF8DCF652695596900E6A0E4 /* InstagramFirestoreTutorial.app */;
			productType = "com.apple.product-type.application";
		};
/* End PBXNativeTarget section */

/* Begin PBXProject section */
		CF8DCF5D2695596900E6A0E4 /* Project object */ = {
			isa = PBXProject;
			attributes = {
				LastSwiftUpdateCheck = 1250;
				LastUpgradeCheck = 1250;
				TargetAttributes = {
					CF8DCF642695596900E6A0E4 = {
						CreatedOnToolsVersion = 12.5;
					};
				};
			};
			buildConfigurationList = CF8DCF602695596900E6A0E4 /* Build configuration list for PBXProject "InstagramFirestoreTutorial" */;
			compatibilityVersion = "Xcode 9.3";
			developmentRegion = en;
			hasScannedForEncodings = 0;
			knownRegions = (
				en,
				Base,
			);
			mainGroup = CF8DCF5C2695596900E6A0E4;
			productRefGroup = CF8DCF662695596900E6A0E4 /* Products */;
			projectDirPath = "";
			projectRoot = "";
			targets = (
				CF8DCF642695596900E6A0E4 /* InstagramFirestoreTutorial */,
			);
		};
/* End PBXProject section */

/* Begin PBXResourcesBuildPhase section */
		CF8DCF632695596900E6A0E4 /* Resources */ = {
			isa = PBXResourcesBuildPhase;
			buildActionMask = 2147483647;
			files = (
				CF8DCF752695596A00E6A0E4 /* LaunchScreen.storyboard in Resources */,
				CF8DCF722695596A00E6A0E4 /* Assets.xcassets in Resources */,
				CF8DCF702695596900E6A0E4 /* Main.storyboard in Resources */,
			);
			runOnlyForDeploymentPostprocessing = 0;
		};
/* End PBXResourcesBuildPhase section */

/* Begin PBXSourcesBuildPhase section */
		CF8DCF612695596900E6A0E4 /* Sources */ = {
			isa = PBXSourcesBuildPhase;
			buildActionMask = 2147483647;
			files = (
				CF8DCF87269567A500E6A0E4 /* NotificationsController.swift in Sources */,
				CF8DCF942696B2A900E6A0E4 /* LoginController.swift in Sources */,
				CF8DCF8F269685C700E6A0E4 /* FeedCell.swift in Sources */,
				CF8DCF89269567BB00E6A0E4 /* ImageSelectorController.swift in Sources */,
				CF8DCF852695679200E6A0E4 /* ProfileController.swift in Sources */,
				CF8DCF912696872E00E6A0E4 /* Extensions.swift in Sources */,
				CF8DCF8B269567C900E6A0E4 /* SearchController.swift in Sources */,
				CF8DCF6D2695596900E6A0E4 /* ViewController.swift in Sources */,
				CF8DCF692695596900E6A0E4 /* AppDelegate.swift in Sources */,
				CF8DCF832695627700E6A0E4 /* MainTabController.swift in Sources */,
				CF8DCF8D269567DA00E6A0E4 /* FeedController.swift in Sources */,
				CF8DCF6B2695596900E6A0E4 /* SceneDelegate.swift in Sources */,
				CF8DCF962696B2BC00E6A0E4 /* RegistrationController.swift in Sources */,
			);
			runOnlyForDeploymentPostprocessing = 0;
		};
/* End PBXSourcesBuildPhase section */

/* Begin PBXVariantGroup section */
		CF8DCF6E2695596900E6A0E4 /* Main.storyboard */ = {
			isa = PBXVariantGroup;
			children = (
				CF8DCF6F2695596900E6A0E4 /* Base */,
			);
			name = Main.storyboard;
			sourceTree = "<group>";
		};
		CF8DCF732695596A00E6A0E4 /* LaunchScreen.storyboard */ = {
			isa = PBXVariantGroup;
			children = (
				CF8DCF742695596A00E6A0E4 /* Base */,
			);
			name = LaunchScreen.storyboard;
			sourceTree = "<group>";
		};
/* End PBXVariantGroup section */

/* Begin XCBuildConfiguration section */
		CF8DCF772695596A00E6A0E4 /* Debug */ = {
			isa = XCBuildConfiguration;
			buildSettings = {
				ALWAYS_SEARCH_USER_PATHS = NO;
				CLANG_ANALYZER_NONNULL = YES;
				CLANG_ANALYZER_NUMBER_OBJECT_CONVERSION = YES_AGGRESSIVE;
				CLANG_CXX_LANGUAGE_STANDARD = "gnu++14";
				CLANG_CXX_LIBRARY = "libc++";
				CLANG_ENABLE_MODULES = YES;
				CLANG_ENABLE_OBJC_ARC = YES;
				CLANG_ENABLE_OBJC_WEAK = YES;
				CLANG_WARN_BLOCK_CAPTURE_AUTORELEASING = YES;
				CLANG_WARN_BOOL_CONVERSION = YES;
				CLANG_WARN_COMMA = YES;
				CLANG_WARN_CONSTANT_CONVERSION = YES;
				CLANG_WARN_DEPRECATED_OBJC_IMPLEMENTATIONS = YES;
				CLANG_WARN_DIRECT_OBJC_ISA_USAGE = YES_ERROR;
				CLANG_WARN_DOCUMENTATION_COMMENTS = YES;
				CLANG_WARN_EMPTY_BODY = YES;
				CLANG_WARN_ENUM_CONVERSION = YES;
				CLANG_WARN_INFINITE_RECURSION = YES;
				CLANG_WARN_INT_CONVERSION = YES;
				CLANG_WARN_NON_LITERAL_NULL_CONVERSION = YES;
				CLANG_WARN_OBJC_IMPLICIT_RETAIN_SELF = YES;
				CLANG_WARN_OBJC_LITERAL_CONVERSION = YES;
				CLANG_WARN_OBJC_ROOT_CLASS = YES_ERROR;
				CLANG_WARN_QUOTED_INCLUDE_IN_FRAMEWORK_HEADER = YES;
				CLANG_WARN_RANGE_LOOP_ANALYSIS = YES;
				CLANG_WARN_STRICT_PROTOTYPES = YES;
				CLANG_WARN_SUSPICIOUS_MOVE = YES;
				CLANG_WARN_UNGUARDED_AVAILABILITY = YES_AGGRESSIVE;
				CLANG_WARN_UNREACHABLE_CODE = YES;
				CLANG_WARN__DUPLICATE_METHOD_MATCH = YES;
				COPY_PHASE_STRIP = NO;
				DEBUG_INFORMATION_FORMAT = dwarf;
				ENABLE_STRICT_OBJC_MSGSEND = YES;
				ENABLE_TESTABILITY = YES;
				GCC_C_LANGUAGE_STANDARD = gnu11;
				GCC_DYNAMIC_NO_PIC = NO;
				GCC_NO_COMMON_BLOCKS = YES;
				GCC_OPTIMIZATION_LEVEL = 0;
				GCC_PREPROCESSOR_DEFINITIONS = (
					"DEBUG=1",
					"$(inherited)",
				);
				GCC_WARN_64_TO_32_BIT_CONVERSION = YES;
				GCC_WARN_ABOUT_RETURN_TYPE = YES_ERROR;
				GCC_WARN_UNDECLARED_SELECTOR = YES;
				GCC_WARN_UNINITIALIZED_AUTOS = YES_AGGRESSIVE;
				GCC_WARN_UNUSED_FUNCTION = YES;
				GCC_WARN_UNUSED_VARIABLE = YES;
				IPHONEOS_DEPLOYMENT_TARGET = 14.5;
				MTL_ENABLE_DEBUG_INFO = INCLUDE_SOURCE;
				MTL_FAST_MATH = YES;
				ONLY_ACTIVE_ARCH = YES;
				SDKROOT = iphoneos;
				SWIFT_ACTIVE_COMPILATION_CONDITIONS = DEBUG;
				SWIFT_OPTIMIZATION_LEVEL = "-Onone";
			};
			name = Debug;
		};
		CF8DCF782695596A00E6A0E4 /* Release */ = {
			isa = XCBuildConfiguration;
			buildSettings = {
				ALWAYS_SEARCH_USER_PATHS = NO;
				CLANG_ANALYZER_NONNULL = YES;
				CLANG_ANALYZER_NUMBER_OBJECT_CONVERSION = YES_AGGRESSIVE;
				CLANG_CXX_LANGUAGE_STANDARD = "gnu++14";
				CLANG_CXX_LIBRARY = "libc++";
				CLANG_ENABLE_MODULES = YES;
				CLANG_ENABLE_OBJC_ARC = YES;
				CLANG_ENABLE_OBJC_WEAK = YES;
				CLANG_WARN_BLOCK_CAPTURE_AUTORELEASING = YES;
				CLANG_WARN_BOOL_CONVERSION = YES;
				CLANG_WARN_COMMA = YES;
				CLANG_WARN_CONSTANT_CONVERSION = YES;
				CLANG_WARN_DEPRECATED_OBJC_IMPLEMENTATIONS = YES;
				CLANG_WARN_DIRECT_OBJC_ISA_USAGE = YES_ERROR;
				CLANG_WARN_DOCUMENTATION_COMMENTS = YES;
				CLANG_WARN_EMPTY_BODY = YES;
				CLANG_WARN_ENUM_CONVERSION = YES;
				CLANG_WARN_INFINITE_RECURSION = YES;
				CLANG_WARN_INT_CONVERSION = YES;
				CLANG_WARN_NON_LITERAL_NULL_CONVERSION = YES;
				CLANG_WARN_OBJC_IMPLICIT_RETAIN_SELF = YES;
				CLANG_WARN_OBJC_LITERAL_CONVERSION = YES;
				CLANG_WARN_OBJC_ROOT_CLASS = YES_ERROR;
				CLANG_WARN_QUOTED_INCLUDE_IN_FRAMEWORK_HEADER = YES;
				CLANG_WARN_RANGE_LOOP_ANALYSIS = YES;
				CLANG_WARN_STRICT_PROTOTYPES = YES;
				CLANG_WARN_SUSPICIOUS_MOVE = YES;
				CLANG_WARN_UNGUARDED_AVAILABILITY = YES_AGGRESSIVE;
				CLANG_WARN_UNREACHABLE_CODE = YES;
				CLANG_WARN__DUPLICATE_METHOD_MATCH = YES;
				COPY_PHASE_STRIP = NO;
				DEBUG_INFORMATION_FORMAT = "dwarf-with-dsym";
				ENABLE_NS_ASSERTIONS = NO;
				ENABLE_STRICT_OBJC_MSGSEND = YES;
				GCC_C_LANGUAGE_STANDARD = gnu11;
				GCC_NO_COMMON_BLOCKS = YES;
				GCC_WARN_64_TO_32_BIT_CONVERSION = YES;
				GCC_WARN_ABOUT_RETURN_TYPE = YES_ERROR;
				GCC_WARN_UNDECLARED_SELECTOR = YES;
				GCC_WARN_UNINITIALIZED_AUTOS = YES_AGGRESSIVE;
				GCC_WARN_UNUSED_FUNCTION = YES;
				GCC_WARN_UNUSED_VARIABLE = YES;
				IPHONEOS_DEPLOYMENT_TARGET = 14.5;
				MTL_ENABLE_DEBUG_INFO = NO;
				MTL_FAST_MATH = YES;
				SDKROOT = iphoneos;
				SWIFT_COMPILATION_MODE = wholemodule;
				SWIFT_OPTIMIZATION_LEVEL = "-O";
				VALIDATE_PRODUCT = YES;
			};
			name = Release;
		};
		CF8DCF7A2695596A00E6A0E4 /* Debug */ = {
			isa = XCBuildConfiguration;
			buildSettings = {
				ASSETCATALOG_COMPILER_APPICON_NAME = AppIcon;
				ASSETCATALOG_COMPILER_GLOBAL_ACCENT_COLOR_NAME = AccentColor;
				CODE_SIGN_STYLE = Automatic;
				DEVELOPMENT_TEAM = 5CFYZ62FLT;
				INFOPLIST_FILE = InstagramFirestoreTutorial/Info.plist;
				LD_RUNPATH_SEARCH_PATHS = (
					"$(inherited)",
					"@executable_path/Frameworks",
				);
				PRODUCT_BUNDLE_IDENTIFIER = SatoshiShimamura.InstagramFirestoreTutorial;
				PRODUCT_NAME = "$(TARGET_NAME)";
				SWIFT_VERSION = 5.0;
				TARGETED_DEVICE_FAMILY = "1,2";
			};
			name = Debug;
		};
		CF8DCF7B2695596A00E6A0E4 /* Release */ = {
			isa = XCBuildConfiguration;
			buildSettings = {
				ASSETCATALOG_COMPILER_APPICON_NAME = AppIcon;
				ASSETCATALOG_COMPILER_GLOBAL_ACCENT_COLOR_NAME = AccentColor;
				CODE_SIGN_STYLE = Automatic;
				DEVELOPMENT_TEAM = 5CFYZ62FLT;
				INFOPLIST_FILE = InstagramFirestoreTutorial/Info.plist;
				LD_RUNPATH_SEARCH_PATHS = (
					"$(inherited)",
					"@executable_path/Frameworks",
				);
				PRODUCT_BUNDLE_IDENTIFIER = SatoshiShimamura.InstagramFirestoreTutorial;
				PRODUCT_NAME = "$(TARGET_NAME)";
				SWIFT_VERSION = 5.0;
				TARGETED_DEVICE_FAMILY = "1,2";
			};
			name = Release;
		};
/* End XCBuildConfiguration section */

/* Begin XCConfigurationList section */
		CF8DCF602695596900E6A0E4 /* Build configuration list for PBXProject "InstagramFirestoreTutorial" */ = {
			isa = XCConfigurationList;
			buildConfigurations = (
				CF8DCF772695596A00E6A0E4 /* Debug */,
				CF8DCF782695596A00E6A0E4 /* Release */,
			);
			defaultConfigurationIsVisible = 0;
			defaultConfigurationName = Release;
		};
		CF8DCF792695596A00E6A0E4 /* Build configuration list for PBXNativeTarget "InstagramFirestoreTutorial" */ = {
			isa = XCConfigurationList;
			buildConfigurations = (
				CF8DCF7A2695596A00E6A0E4 /* Debug */,
				CF8DCF7B2695596A00E6A0E4 /* Release */,
			);
			defaultConfigurationIsVisible = 0;
			defaultConfigurationName = Release;
		};
/* End XCConfigurationList section */
	};
	rootObject = CF8DCF5D2695596900E6A0E4 /* Project object */;
}
